
Microsoft Visual Studio Solution File, Format Version 12.00
# Visual Studio 15
VisualStudioVersion = 15.0.27428.2043
MinimumVisualStudioVersion = 10.0.40219.1
Project("{9A19103F-16F7-4668-BE54-9A1E7A4F7556}") = "TritonKinshi.Core", "TritonKinshi.Core\TritonKinshi.Core.csproj", "{4233196C-F9E8-428C-BD89-7DF27548B763}"
EndProject
Project("{9A19103F-16F7-4668-BE54-9A1E7A4F7556}") = "TritonKinshi.Launcher", "TritonKinshi.Launcher\TritonKinshi.Launcher.csproj", "{996CFA00-663E-4E84-9841-33A39232417A}"
EndProject
Global
	GlobalSection(SolutionConfigurationPlatforms) = preSolution
		Debug|Any CPU = Debug|Any CPU
		Release|Any CPU = Release|Any CPU
	EndGlobalSection
	GlobalSection(ProjectConfigurationPlatforms) = postSolution
		{4233196C-F9E8-428C-BD89-7DF27548B763}.Debug|Any CPU.ActiveCfg = Debug|Any CPU
		{4233196C-F9E8-428C-BD89-7DF27548B763}.Debug|Any CPU.Build.0 = Debug|Any CPU
		{4233196C-F9E8-428C-BD89-7DF27548B763}.Release|Any CPU.ActiveCfg = Release|Any CPU
		{4233196C-F9E8-428C-BD89-7DF27548B763}.Release|Any CPU.Build.0 = Release|Any CPU
		{996CFA00-663E-4E84-9841-33A39232417A}.Debug|Any CPU.ActiveCfg = Debug|Any CPU
		{996CFA00-663E-4E84-9841-33A39232417A}.Debug|Any CPU.Build.0 = Debug|Any CPU
		{996CFA00-663E-4E84-9841-33A39232417A}.Release|Any CPU.ActiveCfg = Release|Any CPU
		{996CFA00-663E-4E84-9841-33A39232417A}.Release|Any CPU.Build.0 = Release|Any CPU
	EndGlobalSection
	GlobalSection(SolutionProperties) = preSolution
		HideSolutionNode = FALSE
	EndGlobalSection
	GlobalSection(ExtensibilityGlobals) = postSolution
		SolutionGuid = {C8FA216A-6504-44D7-B6B5-E2D8EE737671}
	EndGlobalSection
EndGlobal
